
Microsoft Visual Studio Solution File, Format Version 12.00
# Visual Studio Version 17
VisualStudioVersion = 17.11.35312.102
MinimumVisualStudioVersion = 10.0.40219.1
Project("{FAE04EC0-301F-11D3-BF4B-00C04F79EFBC}") = "ECommerce.WEB", "ECommerce.WEB.csproj", "{D2F6D3B4-E1E4-4152-8DE8-889036BB3B57}"
EndProject
Global
	GlobalSection(SolutionConfigurationPlatforms) = preSolution
		Debug|Any CPU = Debug|Any CPU
		Release|Any CPU = Release|Any CPU
	EndGlobalSection
	GlobalSection(ProjectConfigurationPlatforms) = postSolution
		{D2F6D3B4-E1E4-4152-8DE8-889036BB3B57}.Debug|Any CPU.ActiveCfg = Debug|Any CPU
		{D2F6D3B4-E1E4-4152-8DE8-889036BB3B57}.Debug|Any CPU.Build.0 = Debug|Any CPU
		{D2F6D3B4-E1E4-4152-8DE8-889036BB3B57}.Release|Any CPU.ActiveCfg = Release|Any CPU
		{D2F6D3B4-E1E4-4152-8DE8-889036BB3B57}.Release|Any CPU.Build.0 = Release|Any CPU
	EndGlobalSection
	GlobalSection(SolutionProperties) = preSolution
		HideSolutionNode = FALSE
	EndGlobalSection
	GlobalSection(ExtensibilityGlobals) = postSolution
		SolutionGuid = {B76611E6-9857-4764-9AC8-88EACAB5AA31}
	EndGlobalSection
EndGlobal
